
Microsoft Visual Studio Solution File, Format Version 12.00
# Visual Studio Version 17
VisualStudioVersion = 17.14.36203.30 d17.14
MinimumVisualStudioVersion = 10.0.40219.1
Project("{FAE04EC0-301F-11D3-BF4B-00C04F79EFBC}") = "S5(1)", "S5(1).csproj", "{783298D7-CE0B-4805-BAA1-0C7C0EDEF9EC}"
EndProject
Global
	GlobalSection(SolutionConfigurationPlatforms) = preSolution
		Debug|Any CPU = Debug|Any CPU
		Release|Any CPU = Release|Any CPU
	EndGlobalSection
	GlobalSection(ProjectConfigurationPlatforms) = postSolution
		{783298D7-CE0B-4805-BAA1-0C7C0EDEF9EC}.Debug|Any CPU.ActiveCfg = Debug|Any CPU
		{783298D7-CE0B-4805-BAA1-0C7C0EDEF9EC}.Debug|Any CPU.Build.0 = Debug|Any CPU
		{783298D7-CE0B-4805-BAA1-0C7C0EDEF9EC}.Release|Any CPU.ActiveCfg = Release|Any CPU
		{783298D7-CE0B-4805-BAA1-0C7C0EDEF9EC}.Release|Any CPU.Build.0 = Release|Any CPU
	EndGlobalSection
	GlobalSection(SolutionProperties) = preSolution
		HideSolutionNode = FALSE
	EndGlobalSection
	GlobalSection(ExtensibilityGlobals) = postSolution
		SolutionGuid = {EF5443CF-57C8-4354-9384-41856B39CD79}
	EndGlobalSection
EndGlobal
